
Microsoft Visual Studio Solution File, Format Version 12.00
# Visual Studio Version 17
VisualStudioVersion = 17.4.33403.182
MinimumVisualStudioVersion = 10.0.40219.1
Project("{FAE04EC0-301F-11D3-BF4B-00C04F79EFBC}") = "ControleDeContatos", "ControleDeContatos\ControleDeContatos.csproj", "{D1D703AF-91DA-484F-A71D-D7793841AB09}"
EndProject
Global
	GlobalSection(SolutionConfigurationPlatforms) = preSolution
		Debug|Any CPU = Debug|Any CPU
		Release|Any CPU = Release|Any CPU
	EndGlobalSection
	GlobalSection(ProjectConfigurationPlatforms) = postSolution
		{D1D703AF-91DA-484F-A71D-D7793841AB09}.Debug|Any CPU.ActiveCfg = Debug|Any CPU
		{D1D703AF-91DA-484F-A71D-D7793841AB09}.Debug|Any CPU.Build.0 = Debug|Any CPU
		{D1D703AF-91DA-484F-A71D-D7793841AB09}.Release|Any CPU.ActiveCfg = Release|Any CPU
		{D1D703AF-91DA-484F-A71D-D7793841AB09}.Release|Any CPU.Build.0 = Release|Any CPU
	EndGlobalSection
	GlobalSection(SolutionProperties) = preSolution
		HideSolutionNode = FALSE
	EndGlobalSection
	GlobalSection(ExtensibilityGlobals) = postSolution
		SolutionGuid = {79A1EF76-878F-42BD-B5A8-BC8C3C19E487}
	EndGlobalSection
EndGlobal
